// !$*UTF8*$!
{
	archiveVersion = 1;
	classes = {
	};
	objectVersion = 50;
	objects = {

/* Begin PBXBuildFile section */
		1774AE1425CEB4EC00593A6B /* FriendlifyApp.swift in Sources */ = {isa = PBXBuildFile; fileRef = 1774AE1325CEB4EC00593A6B /* FriendlifyApp.swift */; };
		1774AE1625CEB4EC00593A6B /* ContentView.swift in Sources */ = {isa = PBXBuildFile; fileRef = 1774AE1525CEB4EC00593A6B /* ContentView.swift */; };
		1774AE1825CEB4EE00593A6B /* Assets.xcassets in Resources */ = {isa = PBXBuildFile; fileRef = 1774AE1725CEB4EE00593A6B /* Assets.xcassets */; };
		1774AE1B25CEB4EE00593A6B /* Preview Assets.xcassets in Resources */ = {isa = PBXBuildFile; fileRef = 1774AE1A25CEB4EE00593A6B /* Preview Assets.xcassets */; };
		1774AE1D25CEB4EE00593A6B /* Persistence.swift in Sources */ = {isa = PBXBuildFile; fileRef = 1774AE1C25CEB4EE00593A6B /* Persistence.swift */; };
		1774AE2025CEB4EE00593A6B /* Friendlify.xcdatamodeld in Sources */ = {isa = PBXBuildFile; fileRef = 1774AE1E25CEB4EE00593A6B /* Friendlify.xcdatamodeld */; };
		1774AE2925CEB56B00593A6B /* User.swift in Sources */ = {isa = PBXBuildFile; fileRef = 1774AE2825CEB56B00593A6B /* User.swift */; };
		1774AE2C25D07EBE00593A6B /* friendface.json in Resources */ = {isa = PBXBuildFile; fileRef = 1774AE2B25D07EBE00593A6B /* friendface.json */; };
/* End PBXBuildFile section */

/* Begin PBXFileReference section */
		1774AE1025CEB4EC00593A6B /* Friendlify.app */ = {isa = PBXFileReference; explicitFileType = wrapper.application; includeInIndex = 0; path = Friendlify.app; sourceTree = BUILT_PRODUCTS_DIR; };
		1774AE1325CEB4EC00593A6B /* FriendlifyApp.swift */ = {isa = PBXFileReference; lastKnownFileType = sourcecode.swift; path = FriendlifyApp.swift; sourceTree = "<group>"; };
		1774AE1525CEB4EC00593A6B /* ContentView.swift */ = {isa = PBXFileReference; lastKnownFileType = sourcecode.swift; path = ContentView.swift; sourceTree = "<group>"; };
		1774AE1725CEB4EE00593A6B /* Assets.xcassets */ = {isa = PBXFileReference; lastKnownFileType = folder.assetcatalog; path = Assets.xcassets; sourceTree = "<group>"; };
		1774AE1A25CEB4EE00593A6B /* Preview Assets.xcassets */ = {isa = PBXFileReference; lastKnownFileType = folder.assetcatalog; path = "Preview Assets.xcassets"; sourceTree = "<group>"; };
		1774AE1C25CEB4EE00593A6B /* Persistence.swift */ = {isa = PBXFileReference; lastKnownFileType = sourcecode.swift; path = Persistence.swift; sourceTree = "<group>"; };
		1774AE1F25CEB4EE00593A6B /* Friendlify.xcdatamodel */ = {isa = PBXFileReference; lastKnownFileType = wrapper.xcdatamodel; path = Friendlify.xcdatamodel; sourceTree = "<group>"; };
		1774AE2125CEB4EE00593A6B /* Info.plist */ = {isa = PBXFileReference; lastKnownFileType = text.plist.xml; path = Info.plist; sourceTree = "<group>"; };
		1774AE2825CEB56B00593A6B /* User.swift */ = {isa = PBXFileReference; lastKnownFileType = sourcecode.swift; path = User.swift; sourceTree = "<group>"; };
		1774AE2B25D07EBE00593A6B /* friendface.json */ = {isa = PBXFileReference; fileEncoding = 4; lastKnownFileType = text.json; path = friendface.json; sourceTree = "<group>"; };
/* End PBXFileReference section */

/* Begin PBXFrameworksBuildPhase section */
		1774AE0D25CEB4EC00593A6B /* Frameworks */ = {
			isa = PBXFrameworksBuildPhase;
			buildActionMask = 2147483647;
			files = (
			);
			runOnlyForDeploymentPostprocessing = 0;
		};
/* End PBXFrameworksBuildPhase section */

/* Begin PBXGroup section */
		1774AE0725CEB4EC00593A6B = {
			isa = PBXGroup;
			children = (
				1774AE1225CEB4EC00593A6B /* Friendlify */,
				1774AE1125CEB4EC00593A6B /* Products */,
			);
			sourceTree = "<group>";
		};
		1774AE1125CEB4EC00593A6B /* Products */ = {
			isa = PBXGroup;
			children = (
				1774AE1025CEB4EC00593A6B /* Friendlify.app */,
			);
			name = Products;
			sourceTree = "<group>";
		};
		1774AE1225CEB4EC00593A6B /* Friendlify */ = {
			isa = PBXGroup;
			children = (
				1774AE1325CEB4EC00593A6B /* FriendlifyApp.swift */,
				1774AE1525CEB4EC00593A6B /* ContentView.swift */,
				1774AE2825CEB56B00593A6B /* User.swift */,
				1774AE1725CEB4EE00593A6B /* Assets.xcassets */,
				1774AE1C25CEB4EE00593A6B /* Persistence.swift */,
				1774AE2125CEB4EE00593A6B /* Info.plist */,
				1774AE1E25CEB4EE00593A6B /* Friendlify.xcdatamodeld */,
				1774AE2B25D07EBE00593A6B /* friendface.json */,
				1774AE1925CEB4EE00593A6B /* Preview Content */,
			);
			path = Friendlify;
			sourceTree = "<group>";
		};
		1774AE1925CEB4EE00593A6B /* Preview Content */ = {
			isa = PBXGroup;
			children = (
				1774AE1A25CEB4EE00593A6B /* Preview Assets.xcassets */,
			);
			path = "Preview Content";
			sourceTree = "<group>";
		};
/* End PBXGroup section */

/* Begin PBXNativeTarget section */
		1774AE0F25CEB4EC00593A6B /* Friendlify */ = {
			isa = PBXNativeTarget;
			buildConfigurationList = 1774AE2425CEB4EE00593A6B /* Build configuration list for PBXNativeTarget "Friendlify" */;
			buildPhases = (
				1774AE0C25CEB4EC00593A6B /* Sources */,
				1774AE0D25CEB4EC00593A6B /* Frameworks */,
				1774AE0E25CEB4EC00593A6B /* Resources */,
			);
			buildRules = (
			);
			dependencies = (
			);
			name = Friendlify;
			productName = Friendlify;
			productReference = 1774AE1025CEB4EC00593A6B /* Friendlify.app */;
			productType = "com.apple.product-type.application";
		};
/* End PBXNativeTarget section */

/* Begin PBXProject section */
		1774AE0825CEB4EC00593A6B /* Project object */ = {
			isa = PBXProject;
			attributes = {
				LastSwiftUpdateCheck = 1240;
				LastUpgradeCheck = 1240;
				TargetAttributes = {
					1774AE0F25CEB4EC00593A6B = {
						CreatedOnToolsVersion = 12.4;
					};
				};
			};
			buildConfigurationList = 1774AE0B25CEB4EC00593A6B /* Build configuration list for PBXProject "Friendlify" */;
			compatibilityVersion = "Xcode 9.3";
			developmentRegion = en;
			hasScannedForEncodings = 0;
			knownRegions = (
				en,
				Base,
			);
			mainGroup = 1774AE0725CEB4EC00593A6B;
			productRefGroup = 1774AE1125CEB4EC00593A6B /* Products */;
			projectDirPath = "";
			projectRoot = "";
			targets = (
				1774AE0F25CEB4EC00593A6B /* Friendlify */,
			);
		};
/* End PBXProject section */

/* Begin PBXResourcesBuildPhase section */
		1774AE0E25CEB4EC00593A6B /* Resources */ = {
			isa = PBXResourcesBuildPhase;
			buildActionMask = 2147483647;
			files = (
				1774AE1B25CEB4EE00593A6B /* Preview Assets.xcassets in Resources */,
				1774AE1825CEB4EE00593A6B /* Assets.xcassets in Resources */,
				1774AE2C25D07EBE00593A6B /* friendface.json in Resources */,
			);
			runOnlyForDeploymentPostprocessing = 0;
		};
/* End PBXResourcesBuildPhase section */

/* Begin PBXSourcesBuildPhase section */
		1774AE0C25CEB4EC00593A6B /* Sources */ = {
			isa = PBXSourcesBuildPhase;
			buildActionMask = 2147483647;
			files = (
				1774AE1D25CEB4EE00593A6B /* Persistence.swift in Sources */,
				1774AE1625CEB4EC00593A6B /* ContentView.swift in Sources */,
				1774AE1425CEB4EC00593A6B /* FriendlifyApp.swift in Sources */,
				1774AE2925CEB56B00593A6B /* User.swift in Sources */,
				1774AE2025CEB4EE00593A6B /* Friendlify.xcdatamodeld in Sources */,
			);
			runOnlyForDeploymentPostprocessing = 0;
		};
/* End PBXSourcesBuildPhase section */

/* Begin XCBuildConfiguration section */
		1774AE2225CEB4EE00593A6B /* Debug */ = {
			isa = XCBuildConfiguration;
			buildSettings = {
				ALWAYS_SEARCH_USER_PATHS = NO;
				CLANG_ANALYZER_NONNULL = YES;
				CLANG_ANALYZER_NUMBER_OBJECT_CONVERSION = YES_AGGRESSIVE;
				CLANG_CXX_LANGUAGE_STANDARD = "gnu++14";
				CLANG_CXX_LIBRARY = "libc++";
				CLANG_ENABLE_MODULES = YES;
				CLANG_ENABLE_OBJC_ARC = YES;
				CLANG_ENABLE_OBJC_WEAK = YES;
				CLANG_WARN_BLOCK_CAPTURE_AUTORELEASING = YES;
				CLANG_WARN_BOOL_CONVERSION = YES;
				CLANG_WARN_COMMA = YES;
				CLANG_WARN_CONSTANT_CONVERSION = YES;
				CLANG_WARN_DEPRECATED_OBJC_IMPLEMENTATIONS = YES;
				CLANG_WARN_DIRECT_OBJC_ISA_USAGE = YES_ERROR;
				CLANG_WARN_DOCUMENTATION_COMMENTS = YES;
				CLANG_WARN_EMPTY_BODY = YES;
				CLANG_WARN_ENUM_CONVERSION = YES;
				CLANG_WARN_INFINITE_RECURSION = YES;
				CLANG_WARN_INT_CONVERSION = YES;
				CLANG_WARN_NON_LITERAL_NULL_CONVERSION = YES;
				CLANG_WARN_OBJC_IMPLICIT_RETAIN_SELF = YES;
				CLANG_WARN_OBJC_LITERAL_CONVERSION = YES;
				CLANG_WARN_OBJC_ROOT_CLASS = YES_ERROR;
				CLANG_WARN_QUOTED_INCLUDE_IN_FRAMEWORK_HEADER = YES;
				CLANG_WARN_RANGE_LOOP_ANALYSIS = YES;
				CLANG_WARN_STRICT_PROTOTYPES = YES;
				CLANG_WARN_SUSPICIOUS_MOVE = YES;
				CLANG_WARN_UNGUARDED_AVAILABILITY = YES_AGGRESSIVE;
				CLANG_WARN_UNREACHABLE_CODE = YES;
				CLANG_WARN__DUPLICATE_METHOD_MATCH = YES;
				COPY_PHASE_STRIP = NO;
				DEBUG_INFORMATION_FORMAT = dwarf;
				ENABLE_STRICT_OBJC_MSGSEND = YES;
				ENABLE_TESTABILITY = YES;
				GCC_C_LANGUAGE_STANDARD = gnu11;
				GCC_DYNAMIC_NO_PIC = NO;
				GCC_NO_COMMON_BLOCKS = YES;
				GCC_OPTIMIZATION_LEVEL = 0;
				GCC_PREPROCESSOR_DEFINITIONS = (
					"DEBUG=1",
					"$(inherited)",
				);
				GCC_WARN_64_TO_32_BIT_CONVERSION = YES;
				GCC_WARN_ABOUT_RETURN_TYPE = YES_ERROR;
				GCC_WARN_UNDECLARED_SELECTOR = YES;
				GCC_WARN_UNINITIALIZED_AUTOS = YES_AGGRESSIVE;
				GCC_WARN_UNUSED_FUNCTION = YES;
				GCC_WARN_UNUSED_VARIABLE = YES;
				IPHONEOS_DEPLOYMENT_TARGET = 14.4;
				MTL_ENABLE_DEBUG_INFO = INCLUDE_SOURCE;
				MTL_FAST_MATH = YES;
				ONLY_ACTIVE_ARCH = YES;
				SDKROOT = iphoneos;
				SWIFT_ACTIVE_COMPILATION_CONDITIONS = DEBUG;
				SWIFT_OPTIMIZATION_LEVEL = "-Onone";
			};
			name = Debug;
		};
		1774AE2325CEB4EE00593A6B /* Release */ = {
			isa = XCBuildConfiguration;
			buildSettings = {
				ALWAYS_SEARCH_USER_PATHS = NO;
				CLANG_ANALYZER_NONNULL = YES;
				CLANG_ANALYZER_NUMBER_OBJECT_CONVERSION = YES_AGGRESSIVE;
				CLANG_CXX_LANGUAGE_STANDARD = "gnu++14";
				CLANG_CXX_LIBRARY = "libc++";
				CLANG_ENABLE_MODULES = YES;
				CLANG_ENABLE_OBJC_ARC = YES;
				CLANG_ENABLE_OBJC_WEAK = YES;
				CLANG_WARN_BLOCK_CAPTURE_AUTORELEASING = YES;
				CLANG_WARN_BOOL_CONVERSION = YES;
				CLANG_WARN_COMMA = YES;
				CLANG_WARN_CONSTANT_CONVERSION = YES;
				CLANG_WARN_DEPRECATED_OBJC_IMPLEMENTATIONS = YES;
				CLANG_WARN_DIRECT_OBJC_ISA_USAGE = YES_ERROR;
				CLANG_WARN_DOCUMENTATION_COMMENTS = YES;
				CLANG_WARN_EMPTY_BODY = YES;
				CLANG_WARN_ENUM_CONVERSION = YES;
				CLANG_WARN_INFINITE_RECURSION = YES;
				CLANG_WARN_INT_CONVERSION = YES;
				CLANG_WARN_NON_LITERAL_NULL_CONVERSION = YES;
				CLANG_WARN_OBJC_IMPLICIT_RETAIN_SELF = YES;
				CLANG_WARN_OBJC_LITERAL_CONVERSION = YES;
				CLANG_WARN_OBJC_ROOT_CLASS = YES_ERROR;
				CLANG_WARN_QUOTED_INCLUDE_IN_FRAMEWORK_HEADER = YES;
				CLANG_WARN_RANGE_LOOP_ANALYSIS = YES;
				CLANG_WARN_STRICT_PROTOTYPES = YES;
				CLANG_WARN_SUSPICIOUS_MOVE = YES;
				CLANG_WARN_UNGUARDED_AVAILABILITY = YES_AGGRESSIVE;
				CLANG_WARN_UNREACHABLE_CODE = YES;
				CLANG_WARN__DUPLICATE_METHOD_MATCH = YES;
				COPY_PHASE_STRIP = NO;
				DEBUG_INFORMATION_FORMAT = "dwarf-with-dsym";
				ENABLE_NS_ASSERTIONS = NO;
				ENABLE_STRICT_OBJC_MSGSEND = YES;
				GCC_C_LANGUAGE_STANDARD = gnu11;
				GCC_NO_COMMON_BLOCKS = YES;
				GCC_WARN_64_TO_32_BIT_CONVERSION = YES;
				GCC_WARN_ABOUT_RETURN_TYPE = YES_ERROR;
				GCC_WARN_UNDECLARED_SELECTOR = YES;
				GCC_WARN_UNINITIALIZED_AUTOS = YES_AGGRESSIVE;
				GCC_WARN_UNUSED_FUNCTION = YES;
				GCC_WARN_UNUSED_VARIABLE = YES;
				IPHONEOS_DEPLOYMENT_TARGET = 14.4;
				MTL_ENABLE_DEBUG_INFO = NO;
				MTL_FAST_MATH = YES;
				SDKROOT = iphoneos;
				SWIFT_COMPILATION_MODE = wholemodule;
				SWIFT_OPTIMIZATION_LEVEL = "-O";
				VALIDATE_PRODUCT = YES;
			};
			name = Release;
		};
		1774AE2525CEB4EE00593A6B /* Debug */ = {
			isa = XCBuildConfiguration;
			buildSettings = {
				ASSETCATALOG_COMPILER_APPICON_NAME = AppIcon;
				ASSETCATALOG_COMPILER_GLOBAL_ACCENT_COLOR_NAME = AccentColor;
				CODE_SIGN_STYLE = Automatic;
				DEVELOPMENT_ASSET_PATHS = "\"Friendlify/Preview Content\"";
				DEVELOPMENT_TEAM = M4YMDNRFZP;
				ENABLE_PREVIEWS = YES;
				INFOPLIST_FILE = Friendlify/Info.plist;
				IPHONEOS_DEPLOYMENT_TARGET = 14.0;
				LD_RUNPATH_SEARCH_PATHS = (
					"$(inherited)",
					"@executable_path/Frameworks",
				);
				PRODUCT_BUNDLE_IDENTIFIER = philipp.Friendlify;
				PRODUCT_NAME = "$(TARGET_NAME)";
				SWIFT_VERSION = 5.0;
				TARGETED_DEVICE_FAMILY = "1,2";
			};
			name = Debug;
		};
		1774AE2625CEB4EE00593A6B /* Release */ = {
			isa = XCBuildConfiguration;
			buildSettings = {
				ASSETCATALOG_COMPILER_APPICON_NAME = AppIcon;
				ASSETCATALOG_COMPILER_GLOBAL_ACCENT_COLOR_NAME = AccentColor;
				CODE_SIGN_STYLE = Automatic;
				DEVELOPMENT_ASSET_PATHS = "\"Friendlify/Preview Content\"";
				DEVELOPMENT_TEAM = M4YMDNRFZP;
				ENABLE_PREVIEWS = YES;
				INFOPLIST_FILE = Friendlify/Info.plist;
				IPHONEOS_DEPLOYMENT_TARGET = 14.0;
				LD_RUNPATH_SEARCH_PATHS = (
					"$(inherited)",
					"@executable_path/Frameworks",
				);
				PRODUCT_BUNDLE_IDENTIFIER = philipp.Friendlify;
				PRODUCT_NAME = "$(TARGET_NAME)";
				SWIFT_VERSION = 5.0;
				TARGETED_DEVICE_FAMILY = "1,2";
			};
			name = Release;
		};
/* End XCBuildConfiguration section */

/* Begin XCConfigurationList section */
		1774AE0B25CEB4EC00593A6B /* Build configuration list for PBXProject "Friendlify" */ = {
			isa = XCConfigurationList;
			buildConfigurations = (
				1774AE2225CEB4EE00593A6B /* Debug */,
				1774AE2325CEB4EE00593A6B /* Release */,
			);
			defaultConfigurationIsVisible = 0;
			defaultConfigurationName = Release;
		};
		1774AE2425CEB4EE00593A6B /* Build configuration list for PBXNativeTarget "Friendlify" */ = {
			isa = XCConfigurationList;
			buildConfigurations = (
				1774AE2525CEB4EE00593A6B /* Debug */,
				1774AE2625CEB4EE00593A6B /* Release */,
			);
			defaultConfigurationIsVisible = 0;
			defaultConfigurationName = Release;
		};
/* End XCConfigurationList section */

/* Begin XCVersionGroup section */
		1774AE1E25CEB4EE00593A6B /* Friendlify.xcdatamodeld */ = {
			isa = XCVersionGroup;
			children = (
				1774AE1F25CEB4EE00593A6B /* Friendlify.xcdatamodel */,
			);
			currentVersion = 1774AE1F25CEB4EE00593A6B /* Friendlify.xcdatamodel */;
			path = Friendlify.xcdatamodeld;
			sourceTree = "<group>";
			versionGroupType = wrapper.xcdatamodel;
		};
/* End XCVersionGroup section */
	};
	rootObject = 1774AE0825CEB4EC00593A6B /* Project object */;
}
